<Solution>
  <Folder Name="/samples/">
    <Project Path="samples/ClientExample/ClientExample.csproj" />
  </Folder>
  <Folder Name="/src/">
    <Project Path="src/PostgresMcp.Server/PostgresMcp.Server.csproj" />
  </Folder>
  <Folder Name="/tests/">
    <Project Path="tests/PostgresMcp.Tests/PostgresMcp.Tests.csproj" />
  </Folder>
</Solution>
